
Microsoft Visual Studio Solution File, Format Version 12.00
# Visual Studio Version 17
VisualStudioVersion = 17.4.33213.308
MinimumVisualStudioVersion = 10.0.40219.1
Project("{FAE04EC0-301F-11D3-BF4B-00C04F79EFBC}") = "WebApplication1", "WebApplication1\WebApplication1.csproj", "{FC7CFB84-D166-47FF-A202-7117750FA160}"
EndProject
Global
	GlobalSection(SolutionConfigurationPlatforms) = preSolution
		Debug|Any CPU = Debug|Any CPU
		Release|Any CPU = Release|Any CPU
	EndGlobalSection
	GlobalSection(ProjectConfigurationPlatforms) = postSolution
		{FC7CFB84-D166-47FF-A202-7117750FA160}.Debug|Any CPU.ActiveCfg = Debug|Any CPU
		{FC7CFB84-D166-47FF-A202-7117750FA160}.Debug|Any CPU.Build.0 = Debug|Any CPU
		{FC7CFB84-D166-47FF-A202-7117750FA160}.Release|Any CPU.ActiveCfg = Release|Any CPU
		{FC7CFB84-D166-47FF-A202-7117750FA160}.Release|Any CPU.Build.0 = Release|Any CPU
	EndGlobalSection
	GlobalSection(SolutionProperties) = preSolution
		HideSolutionNode = FALSE
	EndGlobalSection
	GlobalSection(ExtensibilityGlobals) = postSolution
		SolutionGuid = {8FD48B78-B63A-4338-B547-F2A113A6E3E5}
	EndGlobalSection
EndGlobal
